
Microsoft Visual Studio Solution File, Format Version 12.00
# Visual Studio Version 17
VisualStudioVersion = 17.4.33110.190
MinimumVisualStudioVersion = 10.0.40219.1
Project("{9A19103F-16F7-4668-BE54-9A1E7A4F7556}") = "ConcatImages", "ConcatImages\ConcatImages.csproj", "{56A540FF-EA27-4C7E-A081-C72BE6F7CB20}"
EndProject
Project("{FAE04EC0-301F-11D3-BF4B-00C04F79EFBC}") = "ConcatSandBox", "ConcatSandBox\ConcatSandBox.csproj", "{7CC05F41-799A-43AC-A265-716477D55AE4}"
EndProject
Global
	GlobalSection(SolutionConfigurationPlatforms) = preSolution
		Debug|Any CPU = Debug|Any CPU
		Release|Any CPU = Release|Any CPU
	EndGlobalSection
	GlobalSection(ProjectConfigurationPlatforms) = postSolution
		{56A540FF-EA27-4C7E-A081-C72BE6F7CB20}.Debug|Any CPU.ActiveCfg = Debug|Any CPU
		{56A540FF-EA27-4C7E-A081-C72BE6F7CB20}.Debug|Any CPU.Build.0 = Debug|Any CPU
		{56A540FF-EA27-4C7E-A081-C72BE6F7CB20}.Release|Any CPU.ActiveCfg = Release|Any CPU
		{56A540FF-EA27-4C7E-A081-C72BE6F7CB20}.Release|Any CPU.Build.0 = Release|Any CPU
		{7CC05F41-799A-43AC-A265-716477D55AE4}.Debug|Any CPU.ActiveCfg = Debug|Any CPU
		{7CC05F41-799A-43AC-A265-716477D55AE4}.Debug|Any CPU.Build.0 = Debug|Any CPU
		{7CC05F41-799A-43AC-A265-716477D55AE4}.Release|Any CPU.ActiveCfg = Release|Any CPU
		{7CC05F41-799A-43AC-A265-716477D55AE4}.Release|Any CPU.Build.0 = Release|Any CPU
	EndGlobalSection
	GlobalSection(SolutionProperties) = preSolution
		HideSolutionNode = FALSE
	EndGlobalSection
	GlobalSection(ExtensibilityGlobals) = postSolution
		SolutionGuid = {942F5CFD-0EA0-4151-AA8A-870185347858}
	EndGlobalSection
EndGlobal
